// !$*UTF8*$!
{
	archiveVersion = 1;
	classes = {
	};
	objectVersion = 46;
	objects = {

/* Begin PBXBuildFile section */
		D8BE0B4B1D3D270200993BFC /* AppDelegate.swift in Sources */ = {isa = PBXBuildFile; fileRef = D8BE0B4A1D3D270200993BFC /* AppDelegate.swift */; };
		D8BE0B4D1D3D270200993BFC /* ViewController.swift in Sources */ = {isa = PBXBuildFile; fileRef = D8BE0B4C1D3D270200993BFC /* ViewController.swift */; };
		D8BE0B501D3D270200993BFC /* Main.storyboard in Resources */ = {isa = PBXBuildFile; fileRef = D8BE0B4E1D3D270200993BFC /* Main.storyboard */; };
		D8BE0B521D3D270200993BFC /* Assets.xcassets in Resources */ = {isa = PBXBuildFile; fileRef = D8BE0B511D3D270200993BFC /* Assets.xcassets */; };
		D8BE0B551D3D270200993BFC /* LaunchScreen.storyboard in Resources */ = {isa = PBXBuildFile; fileRef = D8BE0B531D3D270200993BFC /* LaunchScreen.storyboard */; };
		D8BE0B5F1D3D2A6B00993BFC /* Cat-hd-wallpapers.jpg in Resources */ = {isa = PBXBuildFile; fileRef = D8BE0B5C1D3D2A6B00993BFC /* Cat-hd-wallpapers.jpg */; };
		D8BE0B601D3D2A6B00993BFC /* cat-landscape-4.jpg in Resources */ = {isa = PBXBuildFile; fileRef = D8BE0B5D1D3D2A6B00993BFC /* cat-landscape-4.jpg */; };
		D8BE0B611D3D2A6B00993BFC /* perfectly-timed-funny-cat-pictures-5.jpg in Resources */ = {isa = PBXBuildFile; fileRef = D8BE0B5E1D3D2A6B00993BFC /* perfectly-timed-funny-cat-pictures-5.jpg */; };
/* End PBXBuildFile section */

/* Begin PBXFileReference section */
		D8BE0B471D3D270200993BFC /* playingWithScrollViews.app */ = {isa = PBXFileReference; explicitFileType = wrapper.application; includeInIndex = 0; path = playingWithScrollViews.app; sourceTree = BUILT_PRODUCTS_DIR; };
		D8BE0B4A1D3D270200993BFC /* AppDelegate.swift */ = {isa = PBXFileReference; lastKnownFileType = sourcecode.swift; path = AppDelegate.swift; sourceTree = "<group>"; };
		D8BE0B4C1D3D270200993BFC /* ViewController.swift */ = {isa = PBXFileReference; lastKnownFileType = sourcecode.swift; path = ViewController.swift; sourceTree = "<group>"; };
		D8BE0B4F1D3D270200993BFC /* Base */ = {isa = PBXFileReference; lastKnownFileType = file.storyboard; name = Base; path = Base.lproj/Main.storyboard; sourceTree = "<group>"; };
		D8BE0B511D3D270200993BFC /* Assets.xcassets */ = {isa = PBXFileReference; lastKnownFileType = folder.assetcatalog; path = Assets.xcassets; sourceTree = "<group>"; };
		D8BE0B541D3D270200993BFC /* Base */ = {isa = PBXFileReference; lastKnownFileType = file.storyboard; name = Base; path = Base.lproj/LaunchScreen.storyboard; sourceTree = "<group>"; };
		D8BE0B561D3D270200993BFC /* Info.plist */ = {isa = PBXFileReference; lastKnownFileType = text.plist.xml; path = Info.plist; sourceTree = "<group>"; };
		D8BE0B5C1D3D2A6B00993BFC /* Cat-hd-wallpapers.jpg */ = {isa = PBXFileReference; lastKnownFileType = image.jpeg; path = "Cat-hd-wallpapers.jpg"; sourceTree = "<group>"; };
		D8BE0B5D1D3D2A6B00993BFC /* cat-landscape-4.jpg */ = {isa = PBXFileReference; lastKnownFileType = image.jpeg; path = "cat-landscape-4.jpg"; sourceTree = "<group>"; };
		D8BE0B5E1D3D2A6B00993BFC /* perfectly-timed-funny-cat-pictures-5.jpg */ = {isa = PBXFileReference; lastKnownFileType = image.jpeg; path = "perfectly-timed-funny-cat-pictures-5.jpg"; sourceTree = "<group>"; };
/* End PBXFileReference section */

/* Begin PBXFrameworksBuildPhase section */
		D8BE0B441D3D270200993BFC /* Frameworks */ = {
			isa = PBXFrameworksBuildPhase;
			buildActionMask = 2147483647;
			files = (
			);
			runOnlyForDeploymentPostprocessing = 0;
		};
/* End PBXFrameworksBuildPhase section */

/* Begin PBXGroup section */
		D8BE0B3E1D3D270200993BFC = {
			isa = PBXGroup;
			children = (
				D8BE0B491D3D270200993BFC /* playingWithScrollViews */,
				D8BE0B481D3D270200993BFC /* Products */,
			);
			sourceTree = "<group>";
		};
		D8BE0B481D3D270200993BFC /* Products */ = {
			isa = PBXGroup;
			children = (
				D8BE0B471D3D270200993BFC /* playingWithScrollViews.app */,
			);
			name = Products;
			sourceTree = "<group>";
		};
		D8BE0B491D3D270200993BFC /* playingWithScrollViews */ = {
			isa = PBXGroup;
			children = (
				D8BE0B4A1D3D270200993BFC /* AppDelegate.swift */,
				D8BE0B4C1D3D270200993BFC /* ViewController.swift */,
				D8BE0B4E1D3D270200993BFC /* Main.storyboard */,
				D8BE0B511D3D270200993BFC /* Assets.xcassets */,
				D8BE0B5C1D3D2A6B00993BFC /* Cat-hd-wallpapers.jpg */,
				D8BE0B5D1D3D2A6B00993BFC /* cat-landscape-4.jpg */,
				D8BE0B5E1D3D2A6B00993BFC /* perfectly-timed-funny-cat-pictures-5.jpg */,
				D8BE0B531D3D270200993BFC /* LaunchScreen.storyboard */,
				D8BE0B561D3D270200993BFC /* Info.plist */,
			);
			path = playingWithScrollViews;
			sourceTree = "<group>";
		};
/* End PBXGroup section */

/* Begin PBXNativeTarget section */
		D8BE0B461D3D270200993BFC /* playingWithScrollViews */ = {
			isa = PBXNativeTarget;
			buildConfigurationList = D8BE0B591D3D270200993BFC /* Build configuration list for PBXNativeTarget "playingWithScrollViews" */;
			buildPhases = (
				D8BE0B431D3D270200993BFC /* Sources */,
				D8BE0B441D3D270200993BFC /* Frameworks */,
				D8BE0B451D3D270200993BFC /* Resources */,
			);
			buildRules = (
			);
			dependencies = (
			);
			name = playingWithScrollViews;
			productName = playingWithScrollViews;
			productReference = D8BE0B471D3D270200993BFC /* playingWithScrollViews.app */;
			productType = "com.apple.product-type.application";
		};
/* End PBXNativeTarget section */

/* Begin PBXProject section */
		D8BE0B3F1D3D270200993BFC /* Project object */ = {
			isa = PBXProject;
			attributes = {
				LastSwiftUpdateCheck = 0730;
				LastUpgradeCheck = 0730;
				ORGANIZATIONNAME = "Joe Burgess";
				TargetAttributes = {
					D8BE0B461D3D270200993BFC = {
						CreatedOnToolsVersion = 7.3.1;
					};
				};
			};
			buildConfigurationList = D8BE0B421D3D270200993BFC /* Build configuration list for PBXProject "playingWithScrollViews" */;
			compatibilityVersion = "Xcode 3.2";
			developmentRegion = English;
			hasScannedForEncodings = 0;
			knownRegions = (
				en,
				Base,
			);
			mainGroup = D8BE0B3E1D3D270200993BFC;
			productRefGroup = D8BE0B481D3D270200993BFC /* Products */;
			projectDirPath = "";
			projectRoot = "";
			targets = (
				D8BE0B461D3D270200993BFC /* playingWithScrollViews */,
			);
		};
/* End PBXProject section */

/* Begin PBXResourcesBuildPhase section */
		D8BE0B451D3D270200993BFC /* Resources */ = {
			isa = PBXResourcesBuildPhase;
			buildActionMask = 2147483647;
			files = (
				D8BE0B551D3D270200993BFC /* LaunchScreen.storyboard in Resources */,
				D8BE0B601D3D2A6B00993BFC /* cat-landscape-4.jpg in Resources */,
				D8BE0B5F1D3D2A6B00993BFC /* Cat-hd-wallpapers.jpg in Resources */,
				D8BE0B521D3D270200993BFC /* Assets.xcassets in Resources */,
				D8BE0B501D3D270200993BFC /* Main.storyboard in Resources */,
				D8BE0B611D3D2A6B00993BFC /* perfectly-timed-funny-cat-pictures-5.jpg in Resources */,
			);
			runOnlyForDeploymentPostprocessing = 0;
		};
/* End PBXResourcesBuildPhase section */

/* Begin PBXSourcesBuildPhase section */
		D8BE0B431D3D270200993BFC /* Sources */ = {
			isa = PBXSourcesBuildPhase;
			buildActionMask = 2147483647;
			files = (
				D8BE0B4D1D3D270200993BFC /* ViewController.swift in Sources */,
				D8BE0B4B1D3D270200993BFC /* AppDelegate.swift in Sources */,
			);
			runOnlyForDeploymentPostprocessing = 0;
		};
/* End PBXSourcesBuildPhase section */

/* Begin PBXVariantGroup section */
		D8BE0B4E1D3D270200993BFC /* Main.storyboard */ = {
			isa = PBXVariantGroup;
			children = (
				D8BE0B4F1D3D270200993BFC /* Base */,
			);
			name = Main.storyboard;
			sourceTree = "<group>";
		};
		D8BE0B531D3D270200993BFC /* LaunchScreen.storyboard */ = {
			isa = PBXVariantGroup;
			children = (
				D8BE0B541D3D270200993BFC /* Base */,
			);
			name = LaunchScreen.storyboard;
			sourceTree = "<group>";
		};
/* End PBXVariantGroup section */

/* Begin XCBuildConfiguration section */
		D8BE0B571D3D270200993BFC /* Debug */ = {
			isa = XCBuildConfiguration;
			buildSettings = {
				ALWAYS_SEARCH_USER_PATHS = NO;
				CLANG_ANALYZER_NONNULL = YES;
				CLANG_CXX_LANGUAGE_STANDARD = "gnu++0x";
				CLANG_CXX_LIBRARY = "libc++";
				CLANG_ENABLE_MODULES = YES;
				CLANG_ENABLE_OBJC_ARC = YES;
				CLANG_WARN_BOOL_CONVERSION = YES;
				CLANG_WARN_CONSTANT_CONVERSION = YES;
				CLANG_WARN_DIRECT_OBJC_ISA_USAGE = YES_ERROR;
				CLANG_WARN_EMPTY_BODY = YES;
				CLANG_WARN_ENUM_CONVERSION = YES;
				CLANG_WARN_INT_CONVERSION = YES;
				CLANG_WARN_OBJC_ROOT_CLASS = YES_ERROR;
				CLANG_WARN_UNREACHABLE_CODE = YES;
				CLANG_WARN__DUPLICATE_METHOD_MATCH = YES;
				"CODE_SIGN_IDENTITY[sdk=iphoneos*]" = "iPhone Developer";
				COPY_PHASE_STRIP = NO;
				DEBUG_INFORMATION_FORMAT = dwarf;
				ENABLE_STRICT_OBJC_MSGSEND = YES;
				ENABLE_TESTABILITY = YES;
				GCC_C_LANGUAGE_STANDARD = gnu99;
				GCC_DYNAMIC_NO_PIC = NO;
				GCC_NO_COMMON_BLOCKS = YES;
				GCC_OPTIMIZATION_LEVEL = 0;
				GCC_PREPROCESSOR_DEFINITIONS = (
					"DEBUG=1",
					"$(inherited)",
				);
				GCC_WARN_64_TO_32_BIT_CONVERSION = YES;
				GCC_WARN_ABOUT_RETURN_TYPE = YES_ERROR;
				GCC_WARN_UNDECLARED_SELECTOR = YES;
				GCC_WARN_UNINITIALIZED_AUTOS = YES_AGGRESSIVE;
				GCC_WARN_UNUSED_FUNCTION = YES;
				GCC_WARN_UNUSED_VARIABLE = YES;
				IPHONEOS_DEPLOYMENT_TARGET = 9.3;
				MTL_ENABLE_DEBUG_INFO = YES;
				ONLY_ACTIVE_ARCH = YES;
				SDKROOT = iphoneos;
				SWIFT_OPTIMIZATION_LEVEL = "-Onone";
			};
			name = Debug;
		};
		D8BE0B581D3D270200993BFC /* Release */ = {
			isa = XCBuildConfiguration;
			buildSettings = {
				ALWAYS_SEARCH_USER_PATHS = NO;
				CLANG_ANALYZER_NONNULL = YES;
				CLANG_CXX_LANGUAGE_STANDARD = "gnu++0x";
				CLANG_CXX_LIBRARY = "libc++";
				CLANG_ENABLE_MODULES = YES;
				CLANG_ENABLE_OBJC_ARC = YES;
				CLANG_WARN_BOOL_CONVERSION = YES;
				CLANG_WARN_CONSTANT_CONVERSION = YES;
				CLANG_WARN_DIRECT_OBJC_ISA_USAGE = YES_ERROR;
				CLANG_WARN_EMPTY_BODY = YES;
				CLANG_WARN_ENUM_CONVERSION = YES;
				CLANG_WARN_INT_CONVERSION = YES;
				CLANG_WARN_OBJC_ROOT_CLASS = YES_ERROR;
				CLANG_WARN_UNREACHABLE_CODE = YES;
				CLANG_WARN__DUPLICATE_METHOD_MATCH = YES;
				"CODE_SIGN_IDENTITY[sdk=iphoneos*]" = "iPhone Developer";
				COPY_PHASE_STRIP = NO;
				DEBUG_INFORMATION_FORMAT = "dwarf-with-dsym";
				ENABLE_NS_ASSERTIONS = NO;
				ENABLE_STRICT_OBJC_MSGSEND = YES;
				GCC_C_LANGUAGE_STANDARD = gnu99;
				GCC_NO_COMMON_BLOCKS = YES;
				GCC_WARN_64_TO_32_BIT_CONVERSION = YES;
				GCC_WARN_ABOUT_RETURN_TYPE = YES_ERROR;
				GCC_WARN_UNDECLARED_SELECTOR = YES;
				GCC_WARN_UNINITIALIZED_AUTOS = YES_AGGRESSIVE;
				GCC_WARN_UNUSED_FUNCTION = YES;
				GCC_WARN_UNUSED_VARIABLE = YES;
				IPHONEOS_DEPLOYMENT_TARGET = 9.3;
				MTL_ENABLE_DEBUG_INFO = NO;
				SDKROOT = iphoneos;
				VALIDATE_PRODUCT = YES;
			};
			name = Release;
		};
		D8BE0B5A1D3D270200993BFC /* Debug */ = {
			isa = XCBuildConfiguration;
			buildSettings = {
				ASSETCATALOG_COMPILER_APPICON_NAME = AppIcon;
				INFOPLIST_FILE = playingWithScrollViews/Info.plist;
				LD_RUNPATH_SEARCH_PATHS = "$(inherited) @executable_path/Frameworks";
				PRODUCT_BUNDLE_IDENTIFIER = com.flatironschool.playingWithScrollViews;
				PRODUCT_NAME = "$(TARGET_NAME)";
			};
			name = Debug;
		};
		D8BE0B5B1D3D270200993BFC /* Release */ = {
			isa = XCBuildConfiguration;
			buildSettings = {
				ASSETCATALOG_COMPILER_APPICON_NAME = AppIcon;
				INFOPLIST_FILE = playingWithScrollViews/Info.plist;
				LD_RUNPATH_SEARCH_PATHS = "$(inherited) @executable_path/Frameworks";
				PRODUCT_BUNDLE_IDENTIFIER = com.flatironschool.playingWithScrollViews;
				PRODUCT_NAME = "$(TARGET_NAME)";
			};
			name = Release;
		};
/* End XCBuildConfiguration section */

/* Begin XCConfigurationList section */
		D8BE0B421D3D270200993BFC /* Build configuration list for PBXProject "playingWithScrollViews" */ = {
			isa = XCConfigurationList;
			buildConfigurations = (
				D8BE0B571D3D270200993BFC /* Debug */,
				D8BE0B581D3D270200993BFC /* Release */,
			);
			defaultConfigurationIsVisible = 0;
			defaultConfigurationName = Release;
		};
		D8BE0B591D3D270200993BFC /* Build configuration list for PBXNativeTarget "playingWithScrollViews" */ = {
			isa = XCConfigurationList;
			buildConfigurations = (
				D8BE0B5A1D3D270200993BFC /* Debug */,
				D8BE0B5B1D3D270200993BFC /* Release */,
			);
			defaultConfigurationIsVisible = 0;
		};
/* End XCConfigurationList section */
	};
	rootObject = D8BE0B3F1D3D270200993BFC /* Project object */;
}
