// !$*UTF8*$!
{
	archiveVersion = 1;
	classes = {
	};
	objectVersion = 46;
	objects = {

/* Begin PBXBuildFile section */
		D85020EC1D075A8000677A2B /* main.m in Sources */ = {isa = PBXBuildFile; fileRef = D85020EB1D075A8000677A2B /* main.m */; };
		D85020EF1D075A8000677A2B /* AppDelegate.m in Sources */ = {isa = PBXBuildFile; fileRef = D85020EE1D075A8000677A2B /* AppDelegate.m */; };
		D85020F21D075A8000677A2B /* ViewController.m in Sources */ = {isa = PBXBuildFile; fileRef = D85020F11D075A8000677A2B /* ViewController.m */; };
		D85020F51D075A8000677A2B /* Main.storyboard in Resources */ = {isa = PBXBuildFile; fileRef = D85020F31D075A8000677A2B /* Main.storyboard */; };
		D85020F71D075A8000677A2B /* Assets.xcassets in Resources */ = {isa = PBXBuildFile; fileRef = D85020F61D075A8000677A2B /* Assets.xcassets */; };
		D85020FA1D075A8000677A2B /* LaunchScreen.storyboard in Resources */ = {isa = PBXBuildFile; fileRef = D85020F81D075A8000677A2B /* LaunchScreen.storyboard */; };
/* End PBXBuildFile section */

/* Begin PBXFileReference section */
		D85020E71D075A8000677A2B /* playingWithDictionaries.app */ = {isa = PBXFileReference; explicitFileType = wrapper.application; includeInIndex = 0; path = playingWithDictionaries.app; sourceTree = BUILT_PRODUCTS_DIR; };
		D85020EB1D075A8000677A2B /* main.m */ = {isa = PBXFileReference; lastKnownFileType = sourcecode.c.objc; path = main.m; sourceTree = "<group>"; };
		D85020ED1D075A8000677A2B /* AppDelegate.h */ = {isa = PBXFileReference; lastKnownFileType = sourcecode.c.h; path = AppDelegate.h; sourceTree = "<group>"; };
		D85020EE1D075A8000677A2B /* AppDelegate.m */ = {isa = PBXFileReference; lastKnownFileType = sourcecode.c.objc; path = AppDelegate.m; sourceTree = "<group>"; };
		D85020F01D075A8000677A2B /* ViewController.h */ = {isa = PBXFileReference; lastKnownFileType = sourcecode.c.h; path = ViewController.h; sourceTree = "<group>"; };
		D85020F11D075A8000677A2B /* ViewController.m */ = {isa = PBXFileReference; lastKnownFileType = sourcecode.c.objc; path = ViewController.m; sourceTree = "<group>"; };
		D85020F41D075A8000677A2B /* Base */ = {isa = PBXFileReference; lastKnownFileType = file.storyboard; name = Base; path = Base.lproj/Main.storyboard; sourceTree = "<group>"; };
		D85020F61D075A8000677A2B /* Assets.xcassets */ = {isa = PBXFileReference; lastKnownFileType = folder.assetcatalog; path = Assets.xcassets; sourceTree = "<group>"; };
		D85020F91D075A8000677A2B /* Base */ = {isa = PBXFileReference; lastKnownFileType = file.storyboard; name = Base; path = Base.lproj/LaunchScreen.storyboard; sourceTree = "<group>"; };
		D85020FB1D075A8000677A2B /* Info.plist */ = {isa = PBXFileReference; lastKnownFileType = text.plist.xml; path = Info.plist; sourceTree = "<group>"; };
/* End PBXFileReference section */

/* Begin PBXFrameworksBuildPhase section */
		D85020E41D075A8000677A2B /* Frameworks */ = {
			isa = PBXFrameworksBuildPhase;
			buildActionMask = 2147483647;
			files = (
			);
			runOnlyForDeploymentPostprocessing = 0;
		};
/* End PBXFrameworksBuildPhase section */

/* Begin PBXGroup section */
		D85020DE1D075A8000677A2B = {
			isa = PBXGroup;
			children = (
				D85020E91D075A8000677A2B /* playingWithDictionaries */,
				D85020E81D075A8000677A2B /* Products */,
			);
			sourceTree = "<group>";
		};
		D85020E81D075A8000677A2B /* Products */ = {
			isa = PBXGroup;
			children = (
				D85020E71D075A8000677A2B /* playingWithDictionaries.app */,
			);
			name = Products;
			sourceTree = "<group>";
		};
		D85020E91D075A8000677A2B /* playingWithDictionaries */ = {
			isa = PBXGroup;
			children = (
				D85020ED1D075A8000677A2B /* AppDelegate.h */,
				D85020EE1D075A8000677A2B /* AppDelegate.m */,
				D85020F01D075A8000677A2B /* ViewController.h */,
				D85020F11D075A8000677A2B /* ViewController.m */,
				D85020F31D075A8000677A2B /* Main.storyboard */,
				D85020F61D075A8000677A2B /* Assets.xcassets */,
				D85020F81D075A8000677A2B /* LaunchScreen.storyboard */,
				D85020FB1D075A8000677A2B /* Info.plist */,
				D85020EA1D075A8000677A2B /* Supporting Files */,
			);
			path = playingWithDictionaries;
			sourceTree = "<group>";
		};
		D85020EA1D075A8000677A2B /* Supporting Files */ = {
			isa = PBXGroup;
			children = (
				D85020EB1D075A8000677A2B /* main.m */,
			);
			name = "Supporting Files";
			sourceTree = "<group>";
		};
/* End PBXGroup section */

/* Begin PBXNativeTarget section */
		D85020E61D075A8000677A2B /* playingWithDictionaries */ = {
			isa = PBXNativeTarget;
			buildConfigurationList = D85020FE1D075A8000677A2B /* Build configuration list for PBXNativeTarget "playingWithDictionaries" */;
			buildPhases = (
				D85020E31D075A8000677A2B /* Sources */,
				D85020E41D075A8000677A2B /* Frameworks */,
				D85020E51D075A8000677A2B /* Resources */,
			);
			buildRules = (
			);
			dependencies = (
			);
			name = playingWithDictionaries;
			productName = playingWithDictionaries;
			productReference = D85020E71D075A8000677A2B /* playingWithDictionaries.app */;
			productType = "com.apple.product-type.application";
		};
/* End PBXNativeTarget section */

/* Begin PBXProject section */
		D85020DF1D075A8000677A2B /* Project object */ = {
			isa = PBXProject;
			attributes = {
				LastUpgradeCheck = 0730;
				ORGANIZATIONNAME = "Joe Burgess";
				TargetAttributes = {
					D85020E61D075A8000677A2B = {
						CreatedOnToolsVersion = 7.3.1;
					};
				};
			};
			buildConfigurationList = D85020E21D075A8000677A2B /* Build configuration list for PBXProject "playingWithDictionaries" */;
			compatibilityVersion = "Xcode 3.2";
			developmentRegion = English;
			hasScannedForEncodings = 0;
			knownRegions = (
				en,
				Base,
			);
			mainGroup = D85020DE1D075A8000677A2B;
			productRefGroup = D85020E81D075A8000677A2B /* Products */;
			projectDirPath = "";
			projectRoot = "";
			targets = (
				D85020E61D075A8000677A2B /* playingWithDictionaries */,
			);
		};
/* End PBXProject section */

/* Begin PBXResourcesBuildPhase section */
		D85020E51D075A8000677A2B /* Resources */ = {
			isa = PBXResourcesBuildPhase;
			buildActionMask = 2147483647;
			files = (
				D85020FA1D075A8000677A2B /* LaunchScreen.storyboard in Resources */,
				D85020F71D075A8000677A2B /* Assets.xcassets in Resources */,
				D85020F51D075A8000677A2B /* Main.storyboard in Resources */,
			);
			runOnlyForDeploymentPostprocessing = 0;
		};
/* End PBXResourcesBuildPhase section */

/* Begin PBXSourcesBuildPhase section */
		D85020E31D075A8000677A2B /* Sources */ = {
			isa = PBXSourcesBuildPhase;
			buildActionMask = 2147483647;
			files = (
				D85020F21D075A8000677A2B /* ViewController.m in Sources */,
				D85020EF1D075A8000677A2B /* AppDelegate.m in Sources */,
				D85020EC1D075A8000677A2B /* main.m in Sources */,
			);
			runOnlyForDeploymentPostprocessing = 0;
		};
/* End PBXSourcesBuildPhase section */

/* Begin PBXVariantGroup section */
		D85020F31D075A8000677A2B /* Main.storyboard */ = {
			isa = PBXVariantGroup;
			children = (
				D85020F41D075A8000677A2B /* Base */,
			);
			name = Main.storyboard;
			sourceTree = "<group>";
		};
		D85020F81D075A8000677A2B /* LaunchScreen.storyboard */ = {
			isa = PBXVariantGroup;
			children = (
				D85020F91D075A8000677A2B /* Base */,
			);
			name = LaunchScreen.storyboard;
			sourceTree = "<group>";
		};
/* End PBXVariantGroup section */

/* Begin XCBuildConfiguration section */
		D85020FC1D075A8000677A2B /* Debug */ = {
			isa = XCBuildConfiguration;
			buildSettings = {
				ALWAYS_SEARCH_USER_PATHS = NO;
				CLANG_ANALYZER_NONNULL = YES;
				CLANG_CXX_LANGUAGE_STANDARD = "gnu++0x";
				CLANG_CXX_LIBRARY = "libc++";
				CLANG_ENABLE_MODULES = YES;
				CLANG_ENABLE_OBJC_ARC = YES;
				CLANG_WARN_BOOL_CONVERSION = YES;
				CLANG_WARN_CONSTANT_CONVERSION = YES;
				CLANG_WARN_DIRECT_OBJC_ISA_USAGE = YES_ERROR;
				CLANG_WARN_EMPTY_BODY = YES;
				CLANG_WARN_ENUM_CONVERSION = YES;
				CLANG_WARN_INT_CONVERSION = YES;
				CLANG_WARN_OBJC_ROOT_CLASS = YES_ERROR;
				CLANG_WARN_UNREACHABLE_CODE = YES;
				CLANG_WARN__DUPLICATE_METHOD_MATCH = YES;
				"CODE_SIGN_IDENTITY[sdk=iphoneos*]" = "iPhone Developer";
				COPY_PHASE_STRIP = NO;
				DEBUG_INFORMATION_FORMAT = dwarf;
				ENABLE_STRICT_OBJC_MSGSEND = YES;
				ENABLE_TESTABILITY = YES;
				GCC_C_LANGUAGE_STANDARD = gnu99;
				GCC_DYNAMIC_NO_PIC = NO;
				GCC_NO_COMMON_BLOCKS = YES;
				GCC_OPTIMIZATION_LEVEL = 0;
				GCC_PREPROCESSOR_DEFINITIONS = (
					"DEBUG=1",
					"$(inherited)",
				);
				GCC_WARN_64_TO_32_BIT_CONVERSION = YES;
				GCC_WARN_ABOUT_RETURN_TYPE = YES_ERROR;
				GCC_WARN_UNDECLARED_SELECTOR = YES;
				GCC_WARN_UNINITIALIZED_AUTOS = YES_AGGRESSIVE;
				GCC_WARN_UNUSED_FUNCTION = YES;
				GCC_WARN_UNUSED_VARIABLE = YES;
				IPHONEOS_DEPLOYMENT_TARGET = 9.3;
				MTL_ENABLE_DEBUG_INFO = YES;
				ONLY_ACTIVE_ARCH = YES;
				SDKROOT = iphoneos;
			};
			name = Debug;
		};
		D85020FD1D075A8000677A2B /* Release */ = {
			isa = XCBuildConfiguration;
			buildSettings = {
				ALWAYS_SEARCH_USER_PATHS = NO;
				CLANG_ANALYZER_NONNULL = YES;
				CLANG_CXX_LANGUAGE_STANDARD = "gnu++0x";
				CLANG_CXX_LIBRARY = "libc++";
				CLANG_ENABLE_MODULES = YES;
				CLANG_ENABLE_OBJC_ARC = YES;
				CLANG_WARN_BOOL_CONVERSION = YES;
				CLANG_WARN_CONSTANT_CONVERSION = YES;
				CLANG_WARN_DIRECT_OBJC_ISA_USAGE = YES_ERROR;
				CLANG_WARN_EMPTY_BODY = YES;
				CLANG_WARN_ENUM_CONVERSION = YES;
				CLANG_WARN_INT_CONVERSION = YES;
				CLANG_WARN_OBJC_ROOT_CLASS = YES_ERROR;
				CLANG_WARN_UNREACHABLE_CODE = YES;
				CLANG_WARN__DUPLICATE_METHOD_MATCH = YES;
				"CODE_SIGN_IDENTITY[sdk=iphoneos*]" = "iPhone Developer";
				COPY_PHASE_STRIP = NO;
				DEBUG_INFORMATION_FORMAT = "dwarf-with-dsym";
				ENABLE_NS_ASSERTIONS = NO;
				ENABLE_STRICT_OBJC_MSGSEND = YES;
				GCC_C_LANGUAGE_STANDARD = gnu99;
				GCC_NO_COMMON_BLOCKS = YES;
				GCC_WARN_64_TO_32_BIT_CONVERSION = YES;
				GCC_WARN_ABOUT_RETURN_TYPE = YES_ERROR;
				GCC_WARN_UNDECLARED_SELECTOR = YES;
				GCC_WARN_UNINITIALIZED_AUTOS = YES_AGGRESSIVE;
				GCC_WARN_UNUSED_FUNCTION = YES;
				GCC_WARN_UNUSED_VARIABLE = YES;
				IPHONEOS_DEPLOYMENT_TARGET = 9.3;
				MTL_ENABLE_DEBUG_INFO = NO;
				SDKROOT = iphoneos;
				VALIDATE_PRODUCT = YES;
			};
			name = Release;
		};
		D85020FF1D075A8000677A2B /* Debug */ = {
			isa = XCBuildConfiguration;
			buildSettings = {
				ASSETCATALOG_COMPILER_APPICON_NAME = AppIcon;
				INFOPLIST_FILE = playingWithDictionaries/Info.plist;
				LD_RUNPATH_SEARCH_PATHS = "$(inherited) @executable_path/Frameworks";
				PRODUCT_BUNDLE_IDENTIFIER = com.flatironschool.playingWithDictionaries;
				PRODUCT_NAME = "$(TARGET_NAME)";
			};
			name = Debug;
		};
		D85021001D075A8000677A2B /* Release */ = {
			isa = XCBuildConfiguration;
			buildSettings = {
				ASSETCATALOG_COMPILER_APPICON_NAME = AppIcon;
				INFOPLIST_FILE = playingWithDictionaries/Info.plist;
				LD_RUNPATH_SEARCH_PATHS = "$(inherited) @executable_path/Frameworks";
				PRODUCT_BUNDLE_IDENTIFIER = com.flatironschool.playingWithDictionaries;
				PRODUCT_NAME = "$(TARGET_NAME)";
			};
			name = Release;
		};
/* End XCBuildConfiguration section */

/* Begin XCConfigurationList section */
		D85020E21D075A8000677A2B /* Build configuration list for PBXProject "playingWithDictionaries" */ = {
			isa = XCConfigurationList;
			buildConfigurations = (
				D85020FC1D075A8000677A2B /* Debug */,
				D85020FD1D075A8000677A2B /* Release */,
			);
			defaultConfigurationIsVisible = 0;
			defaultConfigurationName = Release;
		};
		D85020FE1D075A8000677A2B /* Build configuration list for PBXNativeTarget "playingWithDictionaries" */ = {
			isa = XCConfigurationList;
			buildConfigurations = (
				D85020FF1D075A8000677A2B /* Debug */,
				D85021001D075A8000677A2B /* Release */,
			);
			defaultConfigurationIsVisible = 0;
		};
/* End XCConfigurationList section */
	};
	rootObject = D85020DF1D075A8000677A2B /* Project object */;
}
